
Microsoft Visual Studio Solution File, Format Version 12.00
# Visual Studio Version 17
VisualStudioVersion = 17.1.32228.430
MinimumVisualStudioVersion = 10.0.40219.1
Project("{FAE04EC0-301F-11D3-BF4B-00C04F79EFBC}") = "SnowFall_Menshikov", "SnowFall_Menshikov\SnowFall_Menshikov.csproj", "{163F9079-0E37-4D20-94E1-1C909CC7BB6F}"
EndProject
Global
	GlobalSection(SolutionConfigurationPlatforms) = preSolution
		Debug|Any CPU = Debug|Any CPU
		Release|Any CPU = Release|Any CPU
	EndGlobalSection
	GlobalSection(ProjectConfigurationPlatforms) = postSolution
		{163F9079-0E37-4D20-94E1-1C909CC7BB6F}.Debug|Any CPU.ActiveCfg = Debug|Any CPU
		{163F9079-0E37-4D20-94E1-1C909CC7BB6F}.Debug|Any CPU.Build.0 = Debug|Any CPU
		{163F9079-0E37-4D20-94E1-1C909CC7BB6F}.Release|Any CPU.ActiveCfg = Release|Any CPU
		{163F9079-0E37-4D20-94E1-1C909CC7BB6F}.Release|Any CPU.Build.0 = Release|Any CPU
	EndGlobalSection
	GlobalSection(SolutionProperties) = preSolution
		HideSolutionNode = FALSE
	EndGlobalSection
	GlobalSection(ExtensibilityGlobals) = postSolution
		SolutionGuid = {2EBA184A-36D7-4738-B6C6-1CD5D8028DCC}
	EndGlobalSection
EndGlobal
